<Solution>
  <Project Path="GSTFlow.Cli/GSTFlow.Cli.fsproj" />
  <Project Path="GSTFlow.Core/GSTFlow.Core.fsproj" />
  <Project Path="GSTFlow.UI/GSTFlow.UI.fsproj" />
  <Project Path="GSTFlow.Emit/GSTFlow.Emit.fsproj" />
  <Project Path="GSTFlow.Native/GSTFlow.Native.csproj" />
  <Project Path="GSTFlow.Rules/GSTFlow.Rules.fsproj" />
  <Project Path="GSTFlow.Tests/GSTFlow.Tests.fsproj" />
  <Project Path="GSTFlow.Wasm/GSTFlow.Wasm.fsproj" />
</Solution>
