{
  "version": 1,
  "dependencies": {
    "net10.0": {
      "Fable.Core": {
        "type": "Direct",
        "requested": "[5.0.0, )",
        "resolved": "5.0.0",
        "contentHash": "pJOXJjfhjvNa1cgtF+klgR3DxQI7x9D/fFzZbjUBZLBJyYIioPsTFsKUnIOqNdCq1Oby9lINUSwnL4TqspMQOA==",
        "dependencies": {
          "FSharp.Core": "4.7.2"
        }
      },
      "FSharp.Core": {
        "type": "Direct",
        "requested": "[10.1.301, )",
        "resolved": "10.1.301",
        "contentHash": "FwQFuqOA1+qQnFl6Vqg6piS83ZRuKJqXJQxOM52M5tNarT2XQ/pMvw8fOOlnhcOYvdZyje2PJ8rK/J64ZI729Q=="
      },
      "Thoth.Json": {
        "type": "Direct",
        "requested": "[10.5.1, )",
        "resolved": "10.5.1",
        "contentHash": "HMh+zRyOhz7ASGNLgcSQFsrZWv4mcMZfqIsya0aQ2ixFWZpav9RRvYR5C9tL33qmRDX4n+73Bpo6brSfUQ4nQA==",
        "dependencies": {
          "FSharp.Core": "10.1.203",
          "Fable.Core": "5.0.0"
        }
      },
      "Newtonsoft.Json": {
        "type": "Transitive",
        "resolved": "13.0.1",
        "contentHash": "ppPFpBcvxdsfUonNcvITKqLl3bqxWbDCZIzDWHzjpdAHRFfZe0Dw9HmA0+za13IdyrgJwpkDTDA9fHaxOrt20A=="
      },
      "Thoth.Json.Net": {
        "type": "Transitive",
        "resolved": "12.0.0",
        "contentHash": "n2YyONYdWCFS4Pu7wrqgV/l5tPuN+t3gxEfs/2RwqCiQkRnbgKs9dK61zHeZS5YganAoFbxLSwbaNL7SvSrS9g==",
        "dependencies": {
          "FSharp.Core": "4.7.2",
          "Fable.Core": "3.1.6",
          "Newtonsoft.Json": "13.0.1"
        }
      },
      "gstflow.core": {
        "type": "Project",
        "dependencies": {
          "FSharp.Core": "[10.1.301, )"
        }
      },
      "gstflow.emit": {
        "type": "Project",
        "dependencies": {
          "FSharp.Core": "[10.1.301, )",
          "GSTFlow.Core": "[1.0.0, )",
          "GSTFlow.Rules": "[1.0.0, )",
          "Thoth.Json.Net": "[12.0.0, )"
        }
      },
      "gstflow.rules": {
        "type": "Project",
        "dependencies": {
          "FSharp.Core": "[10.1.301, )",
          "GSTFlow.Core": "[1.0.0, )"
        }
      }
    }
  }
}